
Microsoft Visual Studio Solution File, Format Version 12.00
# Visual Studio Version 17
VisualStudioVersion = 17.2.32630.192
MinimumVisualStudioVersion = 10.0.40219.1
Project("{FAE04EC0-301F-11D3-BF4B-00C04F79EFBC}") = "WebProject", "WebProject\WebProject.csproj", "{BF1F6072-7618-42BF-8380-4514DE040303}"
EndProject
Global
	GlobalSection(SolutionConfigurationPlatforms) = preSolution
		Debug|Any CPU = Debug|Any CPU
		Release|Any CPU = Release|Any CPU
	EndGlobalSection
	GlobalSection(ProjectConfigurationPlatforms) = postSolution
		{BF1F6072-7618-42BF-8380-4514DE040303}.Debug|Any CPU.ActiveCfg = Debug|Any CPU
		{BF1F6072-7618-42BF-8380-4514DE040303}.Debug|Any CPU.Build.0 = Debug|Any CPU
		{BF1F6072-7618-42BF-8380-4514DE040303}.Release|Any CPU.ActiveCfg = Release|Any CPU
		{BF1F6072-7618-42BF-8380-4514DE040303}.Release|Any CPU.Build.0 = Release|Any CPU
	EndGlobalSection
	GlobalSection(SolutionProperties) = preSolution
		HideSolutionNode = FALSE
	EndGlobalSection
	GlobalSection(ExtensibilityGlobals) = postSolution
		SolutionGuid = {026BAE71-2FA9-401E-8EAA-72C17468A93F}
	EndGlobalSection
EndGlobal
